
Microsoft Visual Studio Solution File, Format Version 12.00
# Visual Studio Version 16
VisualStudioVersion = 16.0.29613.14
MinimumVisualStudioVersion = 10.0.40219.1
Project("{FAE04EC0-301F-11D3-BF4B-00C04F79EFBC}") = "Pallindrome", "Pallindrome\Pallindrome.csproj", "{8BF9A2F7-8BAB-414F-9D56-A98BA497092B}"
EndProject
Project("{FAE04EC0-301F-11D3-BF4B-00C04F79EFBC}") = "PallindromeXunitTests", "PallindromeXunitTests\PallindromeXunitTests.csproj", "{A3545FF3-95EE-450B-B291-CC1F4086457E}"
EndProject
Global
	GlobalSection(SolutionConfigurationPlatforms) = preSolution
		Debug|Any CPU = Debug|Any CPU
		Release|Any CPU = Release|Any CPU
	EndGlobalSection
	GlobalSection(ProjectConfigurationPlatforms) = postSolution
		{8BF9A2F7-8BAB-414F-9D56-A98BA497092B}.Debug|Any CPU.ActiveCfg = Debug|Any CPU
		{8BF9A2F7-8BAB-414F-9D56-A98BA497092B}.Debug|Any CPU.Build.0 = Debug|Any CPU
		{8BF9A2F7-8BAB-414F-9D56-A98BA497092B}.Release|Any CPU.ActiveCfg = Release|Any CPU
		{8BF9A2F7-8BAB-414F-9D56-A98BA497092B}.Release|Any CPU.Build.0 = Release|Any CPU
		{A3545FF3-95EE-450B-B291-CC1F4086457E}.Debug|Any CPU.ActiveCfg = Debug|Any CPU
		{A3545FF3-95EE-450B-B291-CC1F4086457E}.Debug|Any CPU.Build.0 = Debug|Any CPU
		{A3545FF3-95EE-450B-B291-CC1F4086457E}.Release|Any CPU.ActiveCfg = Release|Any CPU
		{A3545FF3-95EE-450B-B291-CC1F4086457E}.Release|Any CPU.Build.0 = Release|Any CPU
	EndGlobalSection
	GlobalSection(SolutionProperties) = preSolution
		HideSolutionNode = FALSE
	EndGlobalSection
	GlobalSection(ExtensibilityGlobals) = postSolution
		SolutionGuid = {4D1C0A82-C2C7-4CA9-80C3-2114B65F5B86}
	EndGlobalSection
EndGlobal
